version = 1
revision = 1
requires-python = ">=3.10.4"

[[package]]
name = "json-schema"
version = "23.6.1"
source = { editable = "." }
dependencies = [
    { name = "pydantic" },
]

[package.metadata]
requires-dist = [{ name = "pydantic", specifier = "==1.10.7" }]

[[package]]
name = "pydantic"
version = "1.10.7"
source = { registry = "https://pypi.org/simple" }
dependencies = [
    { name = "typing-extensions" },
]
sdist = { url = "https://files.pythonhosted.org/packages/43/5f/e53a850fd32dddefc998b6bfcbda843d4ff5b0dcac02a92e414ba6c97d46/pydantic-1.10.7.tar.gz", hash = "sha256:cfc83c0678b6ba51b0532bea66860617c4cd4251ecf76e9846fa5a9f3454e97e", size = 344063 }
wheels = [
    { url = "https://files.pythonhosted.org/packages/d6/59/8082b963e077ea4bec5bb85e8c0fc636e4e7b3484e6a8ceac94e743e3b74/pydantic-1.10.7-cp310-cp310-macosx_10_9_x86_64.whl", hash = "sha256:e79e999e539872e903767c417c897e729e015872040e56b96e67968c3b918b2d", size = 2864587 },
    { url = "https://files.pythonhosted.org/packages/31/9e/32896df239096e0052e390e90eb0d374367e74bf7ce603a62841310c34c7/pydantic-1.10.7-cp310-cp310-macosx_11_0_arm64.whl", hash = "sha256:01aea3a42c13f2602b7ecbbea484a98169fb568ebd9e247593ea05f01b884b2e", size = 2538147 },
    { url = "https://files.pythonhosted.org/packages/81/1b/04ce5303aee97af30b94c45699ed228b8ba6ba64c972efac184fb9a566f3/pydantic-1.10.7-cp310-cp310-manylinux_2_17_x86_64.manylinux2014_x86_64.whl", hash = "sha256:516f1ed9bc2406a0467dd777afc636c7091d71f214d5e413d64fef45174cfc7a", size = 3093991 },
    { url = "https://files.pythonhosted.org/packages/73/f9/860473019e228ac0b12e5cccecc086ce1f7e41d5f1482b64b9454a528e4f/pydantic-1.10.7-cp310-cp310-manylinux_2_5_i686.manylinux1_i686.manylinux_2_17_i686.manylinux2014_i686.whl", hash = "sha256:ae150a63564929c675d7f2303008d88426a0add46efd76c3fc797cd71cb1b46f", size = 3123685 },
    { url = "https://files.pythonhosted.org/packages/b8/b7/158fb5bf629f5a97c997711757fb14e831825872c6d091a41a769c9c69e4/pydantic-1.10.7-cp310-cp310-musllinux_1_1_i686.whl", hash = "sha256:ecbbc51391248116c0a055899e6c3e7ffbb11fb5e2a4cd6f2d0b93272118a209", size = 3154996 },
    { url = "https://files.pythonhosted.org/packages/38/cb/21afb81e5b3270cf5504543fb94a0d7734c4536b98c893701842602f9da0/pydantic-1.10.7-cp310-cp310-musllinux_1_1_x86_64.whl", hash = "sha256:f4a2b50e2b03d5776e7f21af73e2070e1b5c0d0df255a827e7c632962f8315af", size = 3112321 },
    { url = "https://files.pythonhosted.org/packages/8a/64/db1aafc37fab0dad89e0a27f120a18f2316fca704e9f95096ade47b933ac/pydantic-1.10.7-cp310-cp310-win_amd64.whl", hash = "sha256:a7cd2251439988b413cb0a985c4ed82b6c6aac382dbaff53ae03c4b23a70e80a", size = 2117600 },
    { url = "https://files.pythonhosted.org/packages/67/ac/ff5f7eca22bf58dbecfd266597e15b1ec7ddc68b886157a2095a25eedb17/pydantic-1.10.7-cp311-cp311-macosx_10_9_x86_64.whl", hash = "sha256:68792151e174a4aa9e9fc1b4e653e65a354a2fa0fed169f7b3d09902ad2cb6f1", size = 2814362 },
    { url = "https://files.pythonhosted.org/packages/05/4e/92a0c1fd305f764801dba26182b08ccf72026766fc4451d88186185467f2/pydantic-1.10.7-cp311-cp311-macosx_11_0_arm64.whl", hash = "sha256:dfe2507b8ef209da71b6fb5f4e597b50c5a34b78d7e857c4f8f3115effaef5fe", size = 2480579 },
    { url = "https://files.pythonhosted.org/packages/d1/a1/0aa23b545299186f6eabc7a5d289a951e6c033852938ae6673d75846e611/pydantic-1.10.7-cp311-cp311-manylinux_2_17_x86_64.manylinux2014_x86_64.whl", hash = "sha256:10a86d8c8db68086f1e30a530f7d5f83eb0685e632e411dbbcf2d5c0150e8dcd", size = 3060085 },
    { url = "https://files.pythonhosted.org/packages/42/dc/092da33080729a95805e73084abf7cc064de7ae64462d1081859b2c1b7e2/pydantic-1.10.7-cp311-cp311-manylinux_2_5_i686.manylinux1_i686.manylinux_2_17_i686.manylinux2014_i686.whl", hash = "sha256:d75ae19d2a3dbb146b6f324031c24f8a3f52ff5d6a9f22f0683694b3afcb16fb", size = 3093234 },
    { url = "https://files.pythonhosted.org/packages/a4/cb/16648745548e4c18f4b98b7e323bbac698e77cd8fc250a6b2ff83688c95f/pydantic-1.10.7-cp311-cp311-musllinux_1_1_i686.whl", hash = "sha256:464855a7ff7f2cc2cf537ecc421291b9132aa9c79aef44e917ad711b4a93163b", size = 3137658 },
    { url = "https://files.pythonhosted.org/packages/d5/f0/a1bab22b297fc4333d496b34e0db42bc33c85c4b0e7e7a39da76fc65a643/pydantic-1.10.7-cp311-cp311-musllinux_1_1_x86_64.whl", hash = "sha256:193924c563fae6ddcb71d3f06fa153866423ac1b793a47936656e806b64e24ca", size = 3085508 },
    { url = "https://files.pythonhosted.org/packages/fa/c2/3df79cd00e65678fce12e59e8c95378a992a93d7b9f9510d4f1f65df1936/pydantic-1.10.7-cp311-cp311-win_amd64.whl", hash = "sha256:b4a849d10f211389502059c33332e91327bc154acc1845f375a99eca3afa802d", size = 2095360 },
    { url = "https://files.pythonhosted.org/packages/8d/e1/d9219c4e4161a511158e531a84aa719087064d208c2bf87df5c58812f190/pydantic-1.10.7-py3-none-any.whl", hash = "sha256:0cd181f1d0b1d00e2b705f1bf1ac7799a2d938cce3376b8007df62b29be3c2c6", size = 157187 },
]

[[package]]
name = "typing-extensions"
version = "4.13.2"
source = { registry = "https://pypi.org/simple" }
sdist = { url = "https://files.pythonhosted.org/packages/f6/37/23083fcd6e35492953e8d2aaaa68b860eb422b34627b13f2ce3eb6106061/typing_extensions-4.13.2.tar.gz", hash = "sha256:e6c81219bd689f51865d9e372991c540bda33a0379d5573cddb9a3a23f7caaef", size = 106967 }
wheels = [
    { url = "https://files.pythonhosted.org/packages/8b/54/b1ae86c0973cc6f0210b53d508ca3641fb6d0c56823f288d108bc7ab3cc8/typing_extensions-4.13.2-py3-none-any.whl", hash = "sha256:a439e7c04b49fec3e5d3e2beaa21755cadbbdc391694e28ccdd36ca4a1408f8c", size = 45806 },
]
